
Microsoft Visual Studio Solution File, Format Version 12.00
# Visual Studio 15
VisualStudioVersion = 15.0.28307.271
MinimumVisualStudioVersion = 10.0.40219.1
Project("{9A19103F-16F7-4668-BE54-9A1E7A4F7556}") = "ConverterEDI", "ConverterEDI\ConverterEDI.csproj", "{88AA01A1-C997-4235-B5CC-96D974F8C233}"
EndProject
Project("{9A19103F-16F7-4668-BE54-9A1E7A4F7556}") = "CocaColaToEDI", "CocaColaToEDI\CocaColaToEDI.csproj", "{0E8E713E-4BC5-42C5-BFBB-7896C1EBA717}"
EndProject
Project("{9A19103F-16F7-4668-BE54-9A1E7A4F7556}") = "CocaColaTxtEDI", "CocaColaTxtEDI\CocaColaTxtEDI.csproj", "{2206BB0F-862D-4668-9985-82CA6490D2CF}"
EndProject
Project("{9A19103F-16F7-4668-BE54-9A1E7A4F7556}") = "CarrefourMagnat", "CarrefourMagnat\CarrefourMagnat.csproj", "{7919F9B5-E74A-48DD-A391-68DCF39F4C50}"
EndProject
Project("{9A19103F-16F7-4668-BE54-9A1E7A4F7556}") = "SBenReady", "SBenReady\SBenReady.csproj", "{36679631-BFBB-491C-A087-8808789FC3B4}"
EndProject
Project("{9A19103F-16F7-4668-BE54-9A1E7A4F7556}") = "ProfastXML", "ProfastXML\ProfastXML.csproj", "{47088FE8-C62F-42F0-A720-BC03F6CD5C5F}"
EndProject
Project("{FAE04EC0-301F-11D3-BF4B-00C04F79EFBC}") = "PGDTxt", "PGDTxt\PGDTxt.csproj", "{E823DE37-8FD6-45D2-8BAC-902A146B60CD}"
EndProject
Global
	GlobalSection(SolutionConfigurationPlatforms) = preSolution
		Debug|Any CPU = Debug|Any CPU
		Release|Any CPU = Release|Any CPU
	EndGlobalSection
	GlobalSection(ProjectConfigurationPlatforms) = postSolution
		{88AA01A1-C997-4235-B5CC-96D974F8C233}.Debug|Any CPU.ActiveCfg = Debug|Any CPU
		{88AA01A1-C997-4235-B5CC-96D974F8C233}.Debug|Any CPU.Build.0 = Debug|Any CPU
		{88AA01A1-C997-4235-B5CC-96D974F8C233}.Release|Any CPU.ActiveCfg = Release|Any CPU
		{88AA01A1-C997-4235-B5CC-96D974F8C233}.Release|Any CPU.Build.0 = Release|Any CPU
		{0E8E713E-4BC5-42C5-BFBB-7896C1EBA717}.Debug|Any CPU.ActiveCfg = Debug|Any CPU
		{0E8E713E-4BC5-42C5-BFBB-7896C1EBA717}.Debug|Any CPU.Build.0 = Debug|Any CPU
		{0E8E713E-4BC5-42C5-BFBB-7896C1EBA717}.Release|Any CPU.ActiveCfg = Release|Any CPU
		{0E8E713E-4BC5-42C5-BFBB-7896C1EBA717}.Release|Any CPU.Build.0 = Release|Any CPU
		{2206BB0F-862D-4668-9985-82CA6490D2CF}.Debug|Any CPU.ActiveCfg = Debug|Any CPU
		{2206BB0F-862D-4668-9985-82CA6490D2CF}.Debug|Any CPU.Build.0 = Debug|Any CPU
		{2206BB0F-862D-4668-9985-82CA6490D2CF}.Release|Any CPU.ActiveCfg = Release|Any CPU
		{2206BB0F-862D-4668-9985-82CA6490D2CF}.Release|Any CPU.Build.0 = Release|Any CPU
		{7919F9B5-E74A-48DD-A391-68DCF39F4C50}.Debug|Any CPU.ActiveCfg = Debug|Any CPU
		{7919F9B5-E74A-48DD-A391-68DCF39F4C50}.Debug|Any CPU.Build.0 = Debug|Any CPU
		{7919F9B5-E74A-48DD-A391-68DCF39F4C50}.Release|Any CPU.ActiveCfg = Release|Any CPU
		{7919F9B5-E74A-48DD-A391-68DCF39F4C50}.Release|Any CPU.Build.0 = Release|Any CPU
		{36679631-BFBB-491C-A087-8808789FC3B4}.Debug|Any CPU.ActiveCfg = Debug|Any CPU
		{36679631-BFBB-491C-A087-8808789FC3B4}.Debug|Any CPU.Build.0 = Debug|Any CPU
		{36679631-BFBB-491C-A087-8808789FC3B4}.Release|Any CPU.ActiveCfg = Release|Any CPU
		{36679631-BFBB-491C-A087-8808789FC3B4}.Release|Any CPU.Build.0 = Release|Any CPU
		{47088FE8-C62F-42F0-A720-BC03F6CD5C5F}.Debug|Any CPU.ActiveCfg = Debug|Any CPU
		{47088FE8-C62F-42F0-A720-BC03F6CD5C5F}.Debug|Any CPU.Build.0 = Debug|Any CPU
		{47088FE8-C62F-42F0-A720-BC03F6CD5C5F}.Release|Any CPU.ActiveCfg = Release|Any CPU
		{47088FE8-C62F-42F0-A720-BC03F6CD5C5F}.Release|Any CPU.Build.0 = Release|Any CPU
		{E823DE37-8FD6-45D2-8BAC-902A146B60CD}.Debug|Any CPU.ActiveCfg = Debug|Any CPU
		{E823DE37-8FD6-45D2-8BAC-902A146B60CD}.Debug|Any CPU.Build.0 = Debug|Any CPU
		{E823DE37-8FD6-45D2-8BAC-902A146B60CD}.Release|Any CPU.ActiveCfg = Release|Any CPU
		{E823DE37-8FD6-45D2-8BAC-902A146B60CD}.Release|Any CPU.Build.0 = Release|Any CPU
	EndGlobalSection
	GlobalSection(SolutionProperties) = preSolution
		HideSolutionNode = FALSE
	EndGlobalSection
	GlobalSection(ExtensibilityGlobals) = postSolution
		SolutionGuid = {9D6284B5-DB1D-4DDE-91BD-DC55BE0479C1}
	EndGlobalSection
EndGlobal
